
Microsoft Visual Studio Solution File, Format Version 12.00
# Visual Studio Version 17
VisualStudioVersion = 17.11.35327.3
MinimumVisualStudioVersion = 10.0.40219.1
Project("{FAE04EC0-301F-11D3-BF4B-00C04F79EFBC}") = "PleinLeSac", "PleinLeSac\PleinLeSac.csproj", "{66D0277B-8C8A-4920-8692-D6C1C20EFFAA}"
EndProject
Project("{FAE04EC0-301F-11D3-BF4B-00C04F79EFBC}") = "PleinLeSac.Api", "PleinLeSac.Api\PleinLeSac.Api.csproj", "{59F35238-A7FE-4271-A670-295B1A1C5F98}"
EndProject
Global
	GlobalSection(SolutionConfigurationPlatforms) = preSolution
		Debug|Any CPU = Debug|Any CPU
		Release|Any CPU = Release|Any CPU
	EndGlobalSection
	GlobalSection(ProjectConfigurationPlatforms) = postSolution
		{66D0277B-8C8A-4920-8692-D6C1C20EFFAA}.Debug|Any CPU.ActiveCfg = Debug|Any CPU
		{66D0277B-8C8A-4920-8692-D6C1C20EFFAA}.Debug|Any CPU.Build.0 = Debug|Any CPU
		{66D0277B-8C8A-4920-8692-D6C1C20EFFAA}.Release|Any CPU.ActiveCfg = Release|Any CPU
		{66D0277B-8C8A-4920-8692-D6C1C20EFFAA}.Release|Any CPU.Build.0 = Release|Any CPU
		{59F35238-A7FE-4271-A670-295B1A1C5F98}.Debug|Any CPU.ActiveCfg = Debug|Any CPU
		{59F35238-A7FE-4271-A670-295B1A1C5F98}.Debug|Any CPU.Build.0 = Debug|Any CPU
		{59F35238-A7FE-4271-A670-295B1A1C5F98}.Release|Any CPU.ActiveCfg = Release|Any CPU
		{59F35238-A7FE-4271-A670-295B1A1C5F98}.Release|Any CPU.Build.0 = Release|Any CPU
	EndGlobalSection
	GlobalSection(SolutionProperties) = preSolution
		HideSolutionNode = FALSE
	EndGlobalSection
	GlobalSection(ExtensibilityGlobals) = postSolution
		SolutionGuid = {C58BA51E-A20B-4A22-89E5-3DF75EEE4AE7}
	EndGlobalSection
EndGlobal
